# This file is automatically @generated by Cargo.
# It is not intended for manual editing.
version = 3

[[package]]
name = "cliprint"
version = "0.1.0"
dependencies = [
 "strfmt",
]

[[package]]
name = "strfmt"
version = "0.2.4"
source = "registry+https://github.com/rust-lang/crates.io-index"
checksum = "7a8348af2d9fc3258c8733b8d9d8db2e56f54b2363a4b5b81585c7875ed65e65"
